
Microsoft Visual Studio Solution File, Format Version 12.00
Project("{FAE04EC0-301F-11D3-BF4B-00C04F79EFBC}") = "ProyectoP2", "ProyectoP2.csproj", "{F262CAE2-C992-441A-B240-A9FFF02A6C66}"
EndProject
Global
	GlobalSection(SolutionConfigurationPlatforms) = preSolution
		Debug|Any CPU = Debug|Any CPU
		Release|Any CPU = Release|Any CPU
	EndGlobalSection
	GlobalSection(ProjectConfigurationPlatforms) = postSolution
		{F262CAE2-C992-441A-B240-A9FFF02A6C66}.Debug|Any CPU.ActiveCfg = Debug|Any CPU
		{F262CAE2-C992-441A-B240-A9FFF02A6C66}.Debug|Any CPU.Build.0 = Debug|Any CPU
		{F262CAE2-C992-441A-B240-A9FFF02A6C66}.Release|Any CPU.ActiveCfg = Release|Any CPU
		{F262CAE2-C992-441A-B240-A9FFF02A6C66}.Release|Any CPU.Build.0 = Release|Any CPU
	EndGlobalSection
EndGlobal
